
Microsoft Visual Studio Solution File, Format Version 12.00
# Visual Studio Version 17
VisualStudioVersion = 17.1.31911.260
MinimumVisualStudioVersion = 10.0.40219.1
Project("{9A19103F-16F7-4668-BE54-9A1E7A4F7556}") = "EpicAkS.Net.BasicJsonParser", "EpicAkS.Net.BasicJsonParser.csproj", "{663A7C10-2448-42FE-89F4-B6095961DA17}"
EndProject
Global
	GlobalSection(SolutionConfigurationPlatforms) = preSolution
		Debug|Any CPU = Debug|Any CPU
		Release|Any CPU = Release|Any CPU
	EndGlobalSection
	GlobalSection(ProjectConfigurationPlatforms) = postSolution
		{663A7C10-2448-42FE-89F4-B6095961DA17}.Debug|Any CPU.ActiveCfg = Debug|Any CPU
		{663A7C10-2448-42FE-89F4-B6095961DA17}.Debug|Any CPU.Build.0 = Debug|Any CPU
		{663A7C10-2448-42FE-89F4-B6095961DA17}.Release|Any CPU.ActiveCfg = Release|Any CPU
		{663A7C10-2448-42FE-89F4-B6095961DA17}.Release|Any CPU.Build.0 = Release|Any CPU
	EndGlobalSection
	GlobalSection(SolutionProperties) = preSolution
		HideSolutionNode = FALSE
	EndGlobalSection
	GlobalSection(ExtensibilityGlobals) = postSolution
		SolutionGuid = {0A2B6C34-B17B-46AF-BED4-B98A13A2C16A}
	EndGlobalSection
EndGlobal
