
Microsoft Visual Studio Solution File, Format Version 12.00
# Visual Studio Version 17
VisualStudioVersion = 17.1.32104.313
MinimumVisualStudioVersion = 10.0.40219.1
Project("{9A19103F-16F7-4668-BE54-9A1E7A4F7556}") = "EpicAkS.Net.BasicJsonParser", "EpicAkS.Net.BasicJsonParser\EpicAkS.Net.BasicJsonParser.csproj", "{34F349AE-0CD8-4581-83AE-340CA94CA65F}"
EndProject
Project("{9A19103F-16F7-4668-BE54-9A1E7A4F7556}") = "EpicAkSTestBed", "EpicAkSTestBed\EpicAkSTestBed.csproj", "{A5714B6C-AEAB-4361-ACB4-08BD34291983}"
EndProject
Project("{9A19103F-16F7-4668-BE54-9A1E7A4F7556}") = "MSTestsForEpicAkS.Net.BasicJsonParser", "MSTestsForEpicAkS.Net.BasicJsonParser\MSTestsForEpicAkS.Net.BasicJsonParser.csproj", "{FD219636-B44B-4971-B98D-48B6C790CDEF}"
EndProject
Project("{FAE04EC0-301F-11D3-BF4B-00C04F79EFBC}") = "EpicAkSBenchamarking", "EpicAkSBenchamarking\EpicAkSBenchamarking.csproj", "{9BC2C3EB-CC53-4505-948A-E730834FA00A}"
EndProject
Project("{FAE04EC0-301F-11D3-BF4B-00C04F79EFBC}") = "EpicAkSAutoFillData", "EpicAkSAutoFillData\EpicAkSAutoFillData.csproj", "{F1BC9280-11E5-4CB8-9D54-D21CDB5D5304}"
EndProject
Global
	GlobalSection(SolutionConfigurationPlatforms) = preSolution
		Debug|Any CPU = Debug|Any CPU
		Release|Any CPU = Release|Any CPU
	EndGlobalSection
	GlobalSection(ProjectConfigurationPlatforms) = postSolution
		{34F349AE-0CD8-4581-83AE-340CA94CA65F}.Debug|Any CPU.ActiveCfg = Debug|Any CPU
		{34F349AE-0CD8-4581-83AE-340CA94CA65F}.Debug|Any CPU.Build.0 = Debug|Any CPU
		{34F349AE-0CD8-4581-83AE-340CA94CA65F}.Release|Any CPU.ActiveCfg = Release|Any CPU
		{34F349AE-0CD8-4581-83AE-340CA94CA65F}.Release|Any CPU.Build.0 = Release|Any CPU
		{A5714B6C-AEAB-4361-ACB4-08BD34291983}.Debug|Any CPU.ActiveCfg = Debug|Any CPU
		{A5714B6C-AEAB-4361-ACB4-08BD34291983}.Debug|Any CPU.Build.0 = Debug|Any CPU
		{A5714B6C-AEAB-4361-ACB4-08BD34291983}.Release|Any CPU.ActiveCfg = Release|Any CPU
		{A5714B6C-AEAB-4361-ACB4-08BD34291983}.Release|Any CPU.Build.0 = Release|Any CPU
		{FD219636-B44B-4971-B98D-48B6C790CDEF}.Debug|Any CPU.ActiveCfg = Debug|Any CPU
		{FD219636-B44B-4971-B98D-48B6C790CDEF}.Debug|Any CPU.Build.0 = Debug|Any CPU
		{FD219636-B44B-4971-B98D-48B6C790CDEF}.Release|Any CPU.ActiveCfg = Release|Any CPU
		{FD219636-B44B-4971-B98D-48B6C790CDEF}.Release|Any CPU.Build.0 = Release|Any CPU
		{9BC2C3EB-CC53-4505-948A-E730834FA00A}.Debug|Any CPU.ActiveCfg = Debug|Any CPU
		{9BC2C3EB-CC53-4505-948A-E730834FA00A}.Debug|Any CPU.Build.0 = Debug|Any CPU
		{9BC2C3EB-CC53-4505-948A-E730834FA00A}.Release|Any CPU.ActiveCfg = Release|Any CPU
		{9BC2C3EB-CC53-4505-948A-E730834FA00A}.Release|Any CPU.Build.0 = Release|Any CPU
		{F1BC9280-11E5-4CB8-9D54-D21CDB5D5304}.Debug|Any CPU.ActiveCfg = Debug|Any CPU
		{F1BC9280-11E5-4CB8-9D54-D21CDB5D5304}.Debug|Any CPU.Build.0 = Debug|Any CPU
		{F1BC9280-11E5-4CB8-9D54-D21CDB5D5304}.Release|Any CPU.ActiveCfg = Release|Any CPU
		{F1BC9280-11E5-4CB8-9D54-D21CDB5D5304}.Release|Any CPU.Build.0 = Release|Any CPU
	EndGlobalSection
	GlobalSection(SolutionProperties) = preSolution
		HideSolutionNode = FALSE
	EndGlobalSection
	GlobalSection(ExtensibilityGlobals) = postSolution
		SolutionGuid = {9CBBDA8C-7BEB-4861-9F86-F171F5E5042F}
	EndGlobalSection
EndGlobal
